
Microsoft Visual Studio Solution File, Format Version 12.00
# Visual Studio Version 17
VisualStudioVersion = 17.0.31903.59
MinimumVisualStudioVersion = 10.0.40219.1
Project("{2150E333-8FDC-42A3-9474-1A3956D46DE8}") = "src", "src", "{827E0CD3-B72D-47B6-A68D-7590B98EB39B}"
EndProject
Project("{FAE04EC0-301F-11D3-BF4B-00C04F79EFBC}") = "LawReview.Core", "src\LawReview.Core\LawReview.Core.csproj", "{4C2B9EAE-52A1-4E1A-9772-9F3E36615693}"
EndProject
Project("{FAE04EC0-301F-11D3-BF4B-00C04F79EFBC}") = "LawReview.App", "src\LawReview.App\LawReview.App.csproj", "{B74D67A4-D790-455B-B9EA-EE989B7755BA}"
EndProject
Project("{2150E333-8FDC-42A3-9474-1A3956D46DE8}") = "tests", "tests", "{0AB3BF05-4346-4AA6-1389-037BE0695223}"
EndProject
Project("{FAE04EC0-301F-11D3-BF4B-00C04F79EFBC}") = "LawReview.Core.Tests", "tests\LawReview.Core.Tests\LawReview.Core.Tests.csproj", "{37F0DC85-B9AD-4ABF-B321-55F93BD575B0}"
EndProject
Project("{FAE04EC0-301F-11D3-BF4B-00C04F79EFBC}") = "LawReview.Cli", "src\LawReview.Cli\LawReview.Cli.csproj", "{E9A813E8-E516-4665-96ED-5CA440C558FB}"
EndProject
Project("{FAE04EC0-301F-11D3-BF4B-00C04F79EFBC}") = "LawReview.Web", "src\LawReview.Web\LawReview.Web.csproj", "{E0239700-0AB5-4AED-8131-A2A2829CCEE7}"
EndProject
Global
	GlobalSection(SolutionConfigurationPlatforms) = preSolution
		Debug|Any CPU = Debug|Any CPU
		Debug|x64 = Debug|x64
		Debug|x86 = Debug|x86
		Release|Any CPU = Release|Any CPU
		Release|x64 = Release|x64
		Release|x86 = Release|x86
	EndGlobalSection
	GlobalSection(ProjectConfigurationPlatforms) = postSolution
		{4C2B9EAE-52A1-4E1A-9772-9F3E36615693}.Debug|Any CPU.ActiveCfg = Debug|Any CPU
		{4C2B9EAE-52A1-4E1A-9772-9F3E36615693}.Debug|Any CPU.Build.0 = Debug|Any CPU
		{4C2B9EAE-52A1-4E1A-9772-9F3E36615693}.Debug|x64.ActiveCfg = Debug|Any CPU
		{4C2B9EAE-52A1-4E1A-9772-9F3E36615693}.Debug|x64.Build.0 = Debug|Any CPU
		{4C2B9EAE-52A1-4E1A-9772-9F3E36615693}.Debug|x86.ActiveCfg = Debug|Any CPU
		{4C2B9EAE-52A1-4E1A-9772-9F3E36615693}.Debug|x86.Build.0 = Debug|Any CPU
		{4C2B9EAE-52A1-4E1A-9772-9F3E36615693}.Release|Any CPU.ActiveCfg = Release|Any CPU
		{4C2B9EAE-52A1-4E1A-9772-9F3E36615693}.Release|Any CPU.Build.0 = Release|Any CPU
		{4C2B9EAE-52A1-4E1A-9772-9F3E36615693}.Release|x64.ActiveCfg = Release|Any CPU
		{4C2B9EAE-52A1-4E1A-9772-9F3E36615693}.Release|x64.Build.0 = Release|Any CPU
		{4C2B9EAE-52A1-4E1A-9772-9F3E36615693}.Release|x86.ActiveCfg = Release|Any CPU
		{4C2B9EAE-52A1-4E1A-9772-9F3E36615693}.Release|x86.Build.0 = Release|Any CPU
		{B74D67A4-D790-455B-B9EA-EE989B7755BA}.Debug|Any CPU.ActiveCfg = Debug|Any CPU
		{B74D67A4-D790-455B-B9EA-EE989B7755BA}.Debug|Any CPU.Build.0 = Debug|Any CPU
		{B74D67A4-D790-455B-B9EA-EE989B7755BA}.Debug|x64.ActiveCfg = Debug|Any CPU
		{B74D67A4-D790-455B-B9EA-EE989B7755BA}.Debug|x64.Build.0 = Debug|Any CPU
		{B74D67A4-D790-455B-B9EA-EE989B7755BA}.Debug|x86.ActiveCfg = Debug|Any CPU
		{B74D67A4-D790-455B-B9EA-EE989B7755BA}.Debug|x86.Build.0 = Debug|Any CPU
		{B74D67A4-D790-455B-B9EA-EE989B7755BA}.Release|Any CPU.ActiveCfg = Release|Any CPU
		{B74D67A4-D790-455B-B9EA-EE989B7755BA}.Release|Any CPU.Build.0 = Release|Any CPU
		{B74D67A4-D790-455B-B9EA-EE989B7755BA}.Release|x64.ActiveCfg = Release|Any CPU
		{B74D67A4-D790-455B-B9EA-EE989B7755BA}.Release|x64.Build.0 = Release|Any CPU
		{B74D67A4-D790-455B-B9EA-EE989B7755BA}.Release|x86.ActiveCfg = Release|Any CPU
		{B74D67A4-D790-455B-B9EA-EE989B7755BA}.Release|x86.Build.0 = Release|Any CPU
		{37F0DC85-B9AD-4ABF-B321-55F93BD575B0}.Debug|Any CPU.ActiveCfg = Debug|Any CPU
		{37F0DC85-B9AD-4ABF-B321-55F93BD575B0}.Debug|Any CPU.Build.0 = Debug|Any CPU
		{37F0DC85-B9AD-4ABF-B321-55F93BD575B0}.Debug|x64.ActiveCfg = Debug|Any CPU
		{37F0DC85-B9AD-4ABF-B321-55F93BD575B0}.Debug|x64.Build.0 = Debug|Any CPU
		{37F0DC85-B9AD-4ABF-B321-55F93BD575B0}.Debug|x86.ActiveCfg = Debug|Any CPU
		{37F0DC85-B9AD-4ABF-B321-55F93BD575B0}.Debug|x86.Build.0 = Debug|Any CPU
		{37F0DC85-B9AD-4ABF-B321-55F93BD575B0}.Release|Any CPU.ActiveCfg = Release|Any CPU
		{37F0DC85-B9AD-4ABF-B321-55F93BD575B0}.Release|Any CPU.Build.0 = Release|Any CPU
		{37F0DC85-B9AD-4ABF-B321-55F93BD575B0}.Release|x64.ActiveCfg = Release|Any CPU
		{37F0DC85-B9AD-4ABF-B321-55F93BD575B0}.Release|x64.Build.0 = Release|Any CPU
		{37F0DC85-B9AD-4ABF-B321-55F93BD575B0}.Release|x86.ActiveCfg = Release|Any CPU
		{37F0DC85-B9AD-4ABF-B321-55F93BD575B0}.Release|x86.Build.0 = Release|Any CPU
		{E9A813E8-E516-4665-96ED-5CA440C558FB}.Debug|Any CPU.ActiveCfg = Debug|Any CPU
		{E9A813E8-E516-4665-96ED-5CA440C558FB}.Debug|Any CPU.Build.0 = Debug|Any CPU
		{E9A813E8-E516-4665-96ED-5CA440C558FB}.Debug|x64.ActiveCfg = Debug|Any CPU
		{E9A813E8-E516-4665-96ED-5CA440C558FB}.Debug|x64.Build.0 = Debug|Any CPU
		{E9A813E8-E516-4665-96ED-5CA440C558FB}.Debug|x86.ActiveCfg = Debug|Any CPU
		{E9A813E8-E516-4665-96ED-5CA440C558FB}.Debug|x86.Build.0 = Debug|Any CPU
		{E9A813E8-E516-4665-96ED-5CA440C558FB}.Release|Any CPU.ActiveCfg = Release|Any CPU
		{E9A813E8-E516-4665-96ED-5CA440C558FB}.Release|Any CPU.Build.0 = Release|Any CPU
		{E9A813E8-E516-4665-96ED-5CA440C558FB}.Release|x64.ActiveCfg = Release|Any CPU
		{E9A813E8-E516-4665-96ED-5CA440C558FB}.Release|x64.Build.0 = Release|Any CPU
		{E9A813E8-E516-4665-96ED-5CA440C558FB}.Release|x86.ActiveCfg = Release|Any CPU
		{E9A813E8-E516-4665-96ED-5CA440C558FB}.Release|x86.Build.0 = Release|Any CPU
		{E0239700-0AB5-4AED-8131-A2A2829CCEE7}.Debug|Any CPU.ActiveCfg = Debug|Any CPU
		{E0239700-0AB5-4AED-8131-A2A2829CCEE7}.Debug|Any CPU.Build.0 = Debug|Any CPU
		{E0239700-0AB5-4AED-8131-A2A2829CCEE7}.Debug|x64.ActiveCfg = Debug|Any CPU
		{E0239700-0AB5-4AED-8131-A2A2829CCEE7}.Debug|x64.Build.0 = Debug|Any CPU
		{E0239700-0AB5-4AED-8131-A2A2829CCEE7}.Debug|x86.ActiveCfg = Debug|Any CPU
		{E0239700-0AB5-4AED-8131-A2A2829CCEE7}.Debug|x86.Build.0 = Debug|Any CPU
		{E0239700-0AB5-4AED-8131-A2A2829CCEE7}.Release|Any CPU.ActiveCfg = Release|Any CPU
		{E0239700-0AB5-4AED-8131-A2A2829CCEE7}.Release|Any CPU.Build.0 = Release|Any CPU
		{E0239700-0AB5-4AED-8131-A2A2829CCEE7}.Release|x64.ActiveCfg = Release|Any CPU
		{E0239700-0AB5-4AED-8131-A2A2829CCEE7}.Release|x64.Build.0 = Release|Any CPU
		{E0239700-0AB5-4AED-8131-A2A2829CCEE7}.Release|x86.ActiveCfg = Release|Any CPU
		{E0239700-0AB5-4AED-8131-A2A2829CCEE7}.Release|x86.Build.0 = Release|Any CPU
	EndGlobalSection
	GlobalSection(SolutionProperties) = preSolution
		HideSolutionNode = FALSE
	EndGlobalSection
	GlobalSection(NestedProjects) = preSolution
		{4C2B9EAE-52A1-4E1A-9772-9F3E36615693} = {827E0CD3-B72D-47B6-A68D-7590B98EB39B}
		{B74D67A4-D790-455B-B9EA-EE989B7755BA} = {827E0CD3-B72D-47B6-A68D-7590B98EB39B}
		{37F0DC85-B9AD-4ABF-B321-55F93BD575B0} = {0AB3BF05-4346-4AA6-1389-037BE0695223}
		{E9A813E8-E516-4665-96ED-5CA440C558FB} = {827E0CD3-B72D-47B6-A68D-7590B98EB39B}
		{E0239700-0AB5-4AED-8131-A2A2829CCEE7} = {827E0CD3-B72D-47B6-A68D-7590B98EB39B}
	EndGlobalSection
EndGlobal
